
Microsoft Visual Studio Solution File, Format Version 12.00
# Visual Studio 15
VisualStudioVersion = 15.0.28307.539
MinimumVisualStudioVersion = 10.0.40219.1
Project("{888888A0-9F3D-457C-B088-3A5042F75D52}") = "CodingTheory", "CodingTheory.pyproj", "{F3DB1FFB-39FF-4BE9-A12A-4455150C9209}"
EndProject
Project("{2150E333-8FDC-42A3-9474-1A3956D46DE8}") = "Solution Items", "Solution Items", "{50929316-B649-4A85-A4D7-CF5C67BE2C3A}"
	ProjectSection(SolutionItems) = preProject
		ErrorCorrectingCode.py = ErrorCorrectingCode.py
	EndProjectSection
EndProject
Global
	GlobalSection(SolutionConfigurationPlatforms) = preSolution
		Debug|Any CPU = Debug|Any CPU
		Release|Any CPU = Release|Any CPU
	EndGlobalSection
	GlobalSection(ProjectConfigurationPlatforms) = postSolution
		{F3DB1FFB-39FF-4BE9-A12A-4455150C9209}.Debug|Any CPU.ActiveCfg = Debug|Any CPU
		{F3DB1FFB-39FF-4BE9-A12A-4455150C9209}.Release|Any CPU.ActiveCfg = Release|Any CPU
	EndGlobalSection
	GlobalSection(SolutionProperties) = preSolution
		HideSolutionNode = FALSE
	EndGlobalSection
	GlobalSection(ExtensibilityGlobals) = postSolution
		SolutionGuid = {25335068-5C69-4D93-A7C9-E73A761BB832}
	EndGlobalSection
EndGlobal
